# This file was autogenerated by Stack.
# You should not edit this file by hand.
# For more information, please see the documentation at:
#   https://docs.haskellstack.org/en/stable/lock_files

packages:
- completed:
    hackage: quickcheck-combinators-0.0.5@sha256:e638413049060198f0814dccf87d916ca16a4a9f586ad3b343fac7cc0ea99fda,1167
    pantry-tree:
      size: 341
      sha256: 7a3644495fe4375ddd3f15827f3cd5e366f4be208e27233ecdf3f4ff666de14e
  original:
    hackage: quickcheck-combinators-0.0.5
snapshots:
- completed:
    size: 499178
    url: https://raw.githubusercontent.com/commercialhaskell/stackage-snapshots/master/lts/12/0.yaml
    sha256: 3e9a7b96708cd9196ce7e5396143725097a71f2e9ca8dc19f03f5082642bc1b5
  original: lts-12.0
