# This file was autogenerated by Stack.
# You should not edit this file by hand.
# For more information, please see the documentation at:
#   https://docs.haskellstack.org/en/stable/lock_files

packages:
- completed:
    hackage: quickcheck-combinators-0.0.6@sha256:49a68fd685edbb7d5828c2fde3ebccfbd7e65af0aaf3e04269840deee631b618,1261
    pantry-tree:
      sha256: f4f8a4afb3cb86c0c154140fa5fd235c681469387f77db5b7d286b9b38541670
      size: 289
  original:
    hackage: quickcheck-combinators-0.0.6
- completed:
    hackage: unfoldable-restricted-0.0.3@sha256:d03506062c22b177bbbfd052f2d1a0ca1af03c321967900fa133378f19edb202,973
    pantry-tree:
      sha256: 610182ba67fb6debc6e8c6bdb34ac7853711e16d3799c5743b11efc7554e475f
      size: 238
  original:
    hackage: unfoldable-restricted-0.0.3
- completed:
    commit: c4f9b6cfbc129e5a7687684cde259120d1f96970
    git: https://github.com/athanclark/unfoldable.git
    name: unfoldable
    pantry-tree:
      sha256: 213aed3ec308565c28b174f3bba41de7964e2967748bb6a2a7a6c6ea8c65ff9b
      size: 874
    version: 1.0.1
  original:
    commit: c4f9b6cfbc129e5a7687684cde259120d1f96970
    git: https://github.com/athanclark/unfoldable.git
snapshots:
- completed:
    sha256: 9313df78f49519315342f4c51ffc5da12659d3735f8ac3c54a1fb98ff874474e
    size: 640036
    url: https://raw.githubusercontent.com/commercialhaskell/stackage-snapshots/master/lts/21/12.yaml
  original: lts-21.12
